PODS:
  - Alamofire (5.4.4)
  - SwiftHash (2.0.2)

DEPENDENCIES:
  - Alamofire (~> 5.4)
  - SwiftHash

SPEC REPOS:
  trunk:
    - Alamofire
    - SwiftHash

SPEC CHECKSUMS:
  Alamofire: f3b09a368f1582ab751b3fff5460276e0d2cf5c9
  SwiftHash: 6d312abe61c8359bdef8d0093642f3a70b1c17ba

PODFILE CHECKSUM: 10d62072fd64da26f39998314232eaaba7044413

COCOAPODS: 1.11.2
